{
  "requires": true,
  "lockfileVersion": 1,
  "dependencies": {
    "lodash-es": {
      "version": "4.17.21",
      "resolved": "https://registry.npmjs.org/lodash-es/-/lodash-es-4.17.21.tgz",
      "integrity": "sha512-mKnC+QJ9pWVzv+C4/U3rRsHapFfHvQFoFB92e52xeyGMcX6/OlIl78je1u8vePzYZSkkogMPJ2yjxxsb89cxyw=="
    },
    "react-yup": {
      "version": "1.24.1",
      "resolved": "https://registry.npmjs.org/react-yup/-/react-yup-1.24.1.tgz",
      "integrity": "sha512-m3ioKXUz47mDaQmNP49ZrVdbIBjbWFX2xMB2Zc2TEtAo/NrUHR7VQZGTzP1KCqDZfQfrifHt9VnFMs2q9frDJQ==",
      "requires": {
        "lodash-es": "^4.17.15"
      }
    }
  }
}
